// !$*UTF8*$!
{
	archiveVersion = 1;
	classes = {
	};
	objectVersion = 46;
	objects = {

/* Begin PBXBuildFile section */
		080126031991A0250013D3E5 /* icontake2.png in Resources */ = {isa = PBXBuildFile; fileRef = 080126021991A0250013D3E5 /* icontake2.png */; };
		080126051991A3AA0013D3E5 /* Images.xcassets in Resources */ = {isa = PBXBuildFile; fileRef = 080126041991A3AA0013D3E5 /* Images.xcassets */; };
		080A96941992AB32001BC9F7 /* Parse.framework in Frameworks */ = {isa = PBXBuildFile; fileRef = 8F7C1CA91975ADDB00774BF0 /* Parse.framework */; };
		0821239C1975F98B005CC3EF /* DrawViewController.xib in Resources */ = {isa = PBXBuildFile; fileRef = 0821239E1975F98B005CC3EF /* DrawViewController.xib */; };
		082123A11975F9B3005CC3EF /* DrawView.m in Sources */ = {isa = PBXBuildFile; fileRef = 082123A01975F9B3005CC3EF /* DrawView.m */; };
		0854A9A51979D05A0067AB0E /* undo.png in Resources */ = {isa = PBXBuildFile; fileRef = 0854A9A41979D05A0067AB0E /* undo.png */; };
		0865B69F197F314F00698AB0 /* UIImage+Resize.m in Sources */ = {isa = PBXBuildFile; fileRef = 0865B69E197F314F00698AB0 /* UIImage+Resize.m */; };
		0865B6A5198057E000698AB0 /* circle.png in Resources */ = {isa = PBXBuildFile; fileRef = 0865B6A4198057E000698AB0 /* circle.png */; };
		0887553719944842002D4DEA /* DMFtestlogo2.png in Resources */ = {isa = PBXBuildFile; fileRef = 0887553619944842002D4DEA /* DMFtestlogo2.png */; };
		0887553A19958136002D4DEA /* InfoViewController.m in Sources */ = {isa = PBXBuildFile; fileRef = 0887553919958136002D4DEA /* InfoViewController.m */; };
		0887553C199ABA2D002D4DEA /* erasericon2@2x.png in Resources */ = {isa = PBXBuildFile; fileRef = 0887553B199ABA2D002D4DEA /* erasericon2@2x.png */; };
		0887554C199AC12B002D4DEA /* undoicon4@2x.png in Resources */ = {isa = PBXBuildFile; fileRef = 0887554B199AC12B002D4DEA /* undoicon4@2x.png */; };
		0887554E199AC178002D4DEA /* redoicon4@2x.png in Resources */ = {isa = PBXBuildFile; fileRef = 0887554D199AC178002D4DEA /* redoicon4@2x.png */; };
		08875550199C0182002D4DEA /* final.png in Resources */ = {isa = PBXBuildFile; fileRef = 0887554F199C0182002D4DEA /* final.png */; };
		0892B0691989737000C8BA0D /* clearicon.png in Resources */ = {isa = PBXBuildFile; fileRef = 0892B0681989737000C8BA0D /* clearicon.png */; };
		08C254E0198C0D55009368FF /* undoicon4.png in Resources */ = {isa = PBXBuildFile; fileRef = 08C254DF198C0D55009368FF /* undoicon4.png */; };
		08C254E4198C103B009368FF /* redoicon4.png in Resources */ = {isa = PBXBuildFile; fileRef = 08C254E3198C103B009368FF /* redoicon4.png */; };
		08D9AA601987017A0063742D /* coloricon2.png in Resources */ = {isa = PBXBuildFile; fileRef = 08D9AA5F1987017A0063742D /* coloricon2.png */; };
		08D9AA621987017E0063742D /* erasericon2.png in Resources */ = {isa = PBXBuildFile; fileRef = 08D9AA611987017E0063742D /* erasericon2.png */; };
		08D9AA641987053E0063742D /* sizeicon2.png in Resources */ = {isa = PBXBuildFile; fileRef = 08D9AA631987053E0063742D /* sizeicon2.png */; };
		30C949AC1829561000B17666 /* FacebookSDK.framework in Frameworks */ = {isa = PBXBuildFile; fileRef = 30C949AB1829561000B17666 /* FacebookSDK.framework */; };
		6D10F48316DD68E000690A0F /* CoreLocation.framework in Frameworks */ = {isa = PBXBuildFile; fileRef = 6D10F48216DD68E000690A0F /* CoreLocation.framework */; };
		8F24427A198F2F560085450C /* MainView.m in Sources */ = {isa = PBXBuildFile; fileRef = 8F244279198F2F560085450C /* MainView.m */; };
		8F3FA53E1982C4EA007A989F /* ResultsViewController.m in Sources */ = {isa = PBXBuildFile; fileRef = 8F3FA53C1982C4EA007A989F /* ResultsViewController.m */; };
		8F3FA53F1982C4EA007A989F /* ResultsViewController.xib in Resources */ = {isa = PBXBuildFile; fileRef = 8F3FA53D1982C4EA007A989F /* ResultsViewController.xib */; };
		8F422064198C48D100A83236 /* GameTableViewCell.m in Sources */ = {isa = PBXBuildFile; fileRef = 8F422063198C48D100A83236 /* GameTableViewCell.m */; };
		8F422067198C555600A83236 /* MainViewController.m in Sources */ = {isa = PBXBuildFile; fileRef = 8F422066198C555600A83236 /* MainViewController.m */; };
		8F4F4391198316B7008DD85C /* DrawViewController.m in Sources */ = {isa = PBXBuildFile; fileRef = 8F7C1CAC1975D84000774BF0 /* DrawViewController.m */; };
		8F74022E1977070B00E4B25C /* ChooseViewController.m in Sources */ = {isa = PBXBuildFile; fileRef = 8F74022D1977070B00E4B25C /* ChooseViewController.m */; };
		8F74023019773E1C00E4B25C /* ChooseViewController.xib in Resources */ = {isa = PBXBuildFile; fileRef = 8F74022F19773E1C00E4B25C /* ChooseViewController.xib */; };
		8F74023719787F5700E4B25C /* FriendSubjects.m in Sources */ = {isa = PBXBuildFile; fileRef = 8F74023619787F5700E4B25C /* FriendSubjects.m */; };
		8F7402391978982000E4B25C /* default_avatar.png in Resources */ = {isa = PBXBuildFile; fileRef = 8F7402381978982000E4B25C /* default_avatar.png */; };
		8F7402411979C92C00E4B25C /* GameRound.m in Sources */ = {isa = PBXBuildFile; fileRef = 8F7402401979C92C00E4B25C /* GameRound.m */; };
		8F7402441979CD4400E4B25C /* RoundStore.m in Sources */ = {isa = PBXBuildFile; fileRef = 8F7402431979CD4400E4B25C /* RoundStore.m */; };
		8F74024A197EFF7B00E4B25C /* GuessViewController.m in Sources */ = {isa = PBXBuildFile; fileRef = 8F740248197EFF7B00E4B25C /* GuessViewController.m */; };
		8F74024B197EFF7B00E4B25C /* GuessViewController.xib in Resources */ = {isa = PBXBuildFile; fileRef = 8F740249197EFF7B00E4B25C /* GuessViewController.xib */; };
		8F7C1CB61976016900774BF0 /* DMFNavigationControllerViewController.m in Sources */ = {isa = PBXBuildFile; fileRef = 8F7C1CB51976016900774BF0 /* DMFNavigationControllerViewController.m */; };
		8F9359C7199539D4007D8DA5 /* HTAutocompleteTextField.m in Sources */ = {isa = PBXBuildFile; fileRef = 8F9359C4199539D4007D8DA5 /* HTAutocompleteTextField.m */; };
		8F9359CA19953DA9007D8DA5 /* HTAutocompleteManager.m in Sources */ = {isa = PBXBuildFile; fileRef = 8F9359C919953DA9007D8DA5 /* HTAutocompleteManager.m */; };
		8F9359CC19953FFE007D8DA5 /* autocompleteButton.png in Resources */ = {isa = PBXBuildFile; fileRef = 8F9359CB19953FFE007D8DA5 /* autocompleteButton.png */; };
		C425016D161BBAE400474BCD /* StoreKit.framework in Frameworks */ = {isa = PBXBuildFile; fileRef = C4250169161BBAE400474BCD /* StoreKit.framework */; };
		C4250170161BBAEE00474BCD /* libz.dylib in Frameworks */ = {isa = PBXBuildFile; fileRef = C425016F161BBAEE00474BCD /* libz.dylib */; };
		C4BB20D7161BC4FB00A7884A /* Default-568h@2x.png in Resources */ = {isa = PBXBuildFile; fileRef = C4BB20D4161BC4FB00A7884A /* Default-568h@2x.png */; };
		C4BB20D8161BC4FB00A7884A /* Default.png in Resources */ = {isa = PBXBuildFile; fileRef = C4BB20D5161BC4FB00A7884A /* Default.png */; };
		C4BB20D9161BC4FB00A7884A /* Default@2x.png in Resources */ = {isa = PBXBuildFile; fileRef = C4BB20D6161BC4FB00A7884A /* Default@2x.png */; };
		C4CF27E6161E3BAA008AB8CC /* login-button-small-pressed.png in Resources */ = {isa = PBXBuildFile; fileRef = C4CF27E2161E3BAA008AB8CC /* login-button-small-pressed.png */; };
		C4CF27E7161E3BAA008AB8CC /* login-button-small-pressed@2x.png in Resources */ = {isa = PBXBuildFile; fileRef = C4CF27E3161E3BAA008AB8CC /* login-button-small-pressed@2x.png */; };
		C4CF27E8161E3BAA008AB8CC /* login-button-small.png in Resources */ = {isa = PBXBuildFile; fileRef = C4CF27E4161E3BAA008AB8CC /* login-button-small.png */; };
		C4CF27E9161E3BAA008AB8CC /* login-button-small@2x.png in Resources */ = {isa = PBXBuildFile; fileRef = C4CF27E5161E3BAA008AB8CC /* login-button-small@2x.png */; };
		C4DDA8AD16EE8A1900B5C174 /* Icon@2x.png in Resources */ = {isa = PBXBuildFile; fileRef = C4DDA8AB16EE8A1900B5C174 /* Icon@2x.png */; };
		C4DDA8AE16EE8A1900B5C174 /* Icon.png in Resources */ = {isa = PBXBuildFile; fileRef = C4DDA8AC16EE8A1900B5C174 /* Icon.png */; };
		D4DA79EF14D3345A0055F672 /* UIKit.framework in Frameworks */ = {isa = PBXBuildFile; fileRef = D4DA79EE14D3345A0055F672 /* UIKit.framework */; };
		D4DA79F114D3345A0055F672 /* Foundation.framework in Frameworks */ = {isa = PBXBuildFile; fileRef = D4DA79F014D3345A0055F672 /* Foundation.framework */; };
		D4DA79F314D3345A0055F672 /* CoreGraphics.framework in Frameworks */ = {isa = PBXBuildFile; fileRef = D4DA79F214D3345A0055F672 /* CoreGraphics.framework */; };
		D4DA79F914D3345A0055F672 /* InfoPlist.strings in Resources */ = {isa = PBXBuildFile; fileRef = D4DA79F714D3345A0055F672 /* InfoPlist.strings */; };
		D4DA79FB14D3345A0055F672 /* main.m in Sources */ = {isa = PBXBuildFile; fileRef = D4DA79FA14D3345A0055F672 /* main.m */; };
		D4DA79FF14D3345A0055F672 /* AppDelegate.m in Sources */ = {isa = PBXBuildFile; fileRef = D4DA79FE14D3345A0055F672 /* AppDelegate.m */; };
		D4DA7A0E14D334F30055F672 /* AudioToolbox.framework in Frameworks */ = {isa = PBXBuildFile; fileRef = D4DA7A0714D334F30055F672 /* AudioToolbox.framework */; };
		D4DA7A0F14D334F30055F672 /* CFNetwork.framework in Frameworks */ = {isa = PBXBuildFile; fileRef = D4DA7A0814D334F30055F672 /* CFNetwork.framework */; };
		D4DA7A1114D334F30055F672 /* MobileCoreServices.framework in Frameworks */ = {isa = PBXBuildFile; fileRef = D4DA7A0A14D334F30055F672 /* MobileCoreServices.framework */; };
		D4DA7A1214D334F30055F672 /* QuartzCore.framework in Frameworks */ = {isa = PBXBuildFile; fileRef = D4DA7A0B14D334F30055F672 /* QuartzCore.framework */; };
		D4DA7A1314D334F30055F672 /* Security.framework in Frameworks */ = {isa = PBXBuildFile; fileRef = D4DA7A0C14D334F30055F672 /* Security.framework */; };
		D4DA7A1414D334F30055F672 /* SystemConfiguration.framework in Frameworks */ = {isa = PBXBuildFile; fileRef = D4DA7A0D14D334F30055F672 /* SystemConfiguration.framework */; };
		D4DA7A7414D393DA0055F672 /* LoginViewController.m in Sources */ = {isa = PBXBuildFile; fileRef = D4DA7A7214D393DA0055F672 /* LoginViewController.m */; };
		D4DA7A7514D393DA0055F672 /* LoginViewController.xib in Resources */ = {isa = PBXBuildFile; fileRef = D4DA7A7314D393DA0055F672 /* LoginViewController.xib */; };
		D4DA7AAF14D467500055F672 /* TableHeaderView.xib in Resources */ = {isa = PBXBuildFile; fileRef = D4DA7AAE14D4674F0055F672 /* TableHeaderView.xib */; };
/* End PBXBuildFile section */

/* Begin PBXFileReference section */
		080126021991A0250013D3E5 /* icontake2.png */ = {isa = PBXFileReference; lastKnownFileType = image.png; path = icontake2.png; sourceTree = "<group>"; };
		080126041991A3AA0013D3E5 /* Images.xcassets */ = {isa = PBXFileReference; lastKnownFileType = folder.assetcatalog; name = Images.xcassets; path = DrawMyFriends/Images.xcassets; sourceTree = "<group>"; };
		0821239D1975F98B005CC3EF /* en */ = {isa = PBXFileReference; lastKnownFileType = file.xib; name = en; path = en.lproj/DrawViewController.xib; sourceTree = "<group>"; };
		0821239F1975F9B3005CC3EF /* DrawView.h */ = {isa = PBXFileReference; fileEncoding = 4; lastKnownFileType = sourcecode.c.h; name = DrawView.h; path = ../DrawView.h; sourceTree = "<group>"; };
		082123A01975F9B3005CC3EF /* DrawView.m */ = {isa = PBXFileReference; fileEncoding = 4; lastKnownFileType = sourcecode.c.objc; name = DrawView.m; path = ../DrawView.m; sourceTree = "<group>"; };
		0854A9A41979D05A0067AB0E /* undo.png */ = {isa = PBXFileReference; lastKnownFileType = image.png; path = undo.png; sourceTree = "<group>"; };
		0865B69D197F314F00698AB0 /* UIImage+Resize.h */ = {isa = PBXFileReference; fileEncoding = 4; lastKnownFileType = sourcecode.c.h; path = "UIImage+Resize.h"; sourceTree = "<group>"; };
		0865B69E197F314F00698AB0 /* UIImage+Resize.m */ = {isa = PBXFileReference; fileEncoding = 4; lastKnownFileType = sourcecode.c.objc; path = "UIImage+Resize.m"; sourceTree = "<group>"; };
		0865B6A4198057E000698AB0 /* circle.png */ = {isa = PBXFileReference; lastKnownFileType = image.png; path = circle.png; sourceTree = "<group>"; };
		0887553619944842002D4DEA /* DMFtestlogo2.png */ = {isa = PBXFileReference; lastKnownFileType = image.png; path = DMFtestlogo2.png; sourceTree = "<group>"; };
		0887553819958136002D4DEA /* InfoViewController.h */ = {isa = PBXFileReference; fileEncoding = 4; lastKnownFileType = sourcecode.c.h; path = InfoViewController.h; sourceTree = "<group>"; };
		0887553919958136002D4DEA /* InfoViewController.m */ = {isa = PBXFileReference; fileEncoding = 4; lastKnownFileType = sourcecode.c.objc; path = InfoViewController.m; sourceTree = "<group>"; };
		0887553B199ABA2D002D4DEA /* erasericon2@2x.png */ = {isa = PBXFileReference; lastKnownFileType = image.png; path = "erasericon2@2x.png"; sourceTree = "<group>"; };
		0887553F199ABCE3002D4DEA /* sizeicon2@2x.png */ = {isa = PBXFileReference; lastKnownFileType = image.png; path = "sizeicon2@2x.png"; sourceTree = "<group>"; };
		08875541199ABD94002D4DEA /* clearicon@2x.png */ = {isa = PBXFileReference; lastKnownFileType = image.png; path = "clearicon@2x.png"; sourceTree = "<group>"; };
		08875543199ABD9D002D4DEA /* coloricon2@2x.png */ = {isa = PBXFileReference; lastKnownFileType = image.png; path = "coloricon2@2x.png"; sourceTree = "<group>"; };
		0887554B199AC12B002D4DEA /* undoicon4@2x.png */ = {isa = PBXFileReference; lastKnownFileType = image.png; path = "undoicon4@2x.png"; sourceTree = "<group>"; };
		0887554D199AC178002D4DEA /* redoicon4@2x.png */ = {isa = PBXFileReference; lastKnownFileType = image.png; path = "redoicon4@2x.png"; sourceTree = "<group>"; };
		0887554F199C0182002D4DEA /* final.png */ = {isa = PBXFileReference; lastKnownFileType = image.png; path = final.png; sourceTree = "<group>"; };
		0892B0681989737000C8BA0D /* clearicon.png */ = {isa = PBXFileReference; lastKnownFileType = image.png; path = clearicon.png; sourceTree = "<group>"; };
		08C254DF198C0D55009368FF /* undoicon4.png */ = {isa = PBXFileReference; lastKnownFileType = image.png; path = undoicon4.png; sourceTree = "<group>"; };
		08C254E3198C103B009368FF /* redoicon4.png */ = {isa = PBXFileReference; lastKnownFileType = image.png; path = redoicon4.png; sourceTree = "<group>"; };
		08D9AA5F1987017A0063742D /* coloricon2.png */ = {isa = PBXFileReference; lastKnownFileType = image.png; path = coloricon2.png; sourceTree = "<group>"; };
		08D9AA611987017E0063742D /* erasericon2.png */ = {isa = PBXFileReference; lastKnownFileType = image.png; path = erasericon2.png; sourceTree = "<group>"; };
		08D9AA631987053E0063742D /* sizeicon2.png */ = {isa = PBXFileReference; lastKnownFileType = image.png; path = sizeicon2.png; sourceTree = "<group>"; };
		30C949AB1829561000B17666 /* FacebookSDK.framework */ = {isa = PBXFileReference; lastKnownFileType = wrapper.framework; path = FacebookSDK.framework; sourceTree = "<group>"; };
		6D10F48216DD68E000690A0F /* CoreLocation.framework */ = {isa = PBXFileReference; lastKnownFileType = wrapper.framework; name = CoreLocation.framework; path = System/Library/Frameworks/CoreLocation.framework; sourceTree = SDKROOT; };
		8F244278198F2F560085450C /* MainView.h */ = {isa = PBXFileReference; fileEncoding = 4; lastKnownFileType = sourcecode.c.h; path = MainView.h; sourceTree = "<group>"; };
		8F244279198F2F560085450C /* MainView.m */ = {isa = PBXFileReference; fileEncoding = 4; lastKnownFileType = sourcecode.c.objc; path = MainView.m; sourceTree = "<group>"; };
		8F3FA53B1982C4EA007A989F /* ResultsViewController.h */ = {isa = PBXFileReference; fileEncoding = 4; lastKnownFileType = sourcecode.c.h; path = ResultsViewController.h; sourceTree = "<group>"; };
		8F3FA53C1982C4EA007A989F /* ResultsViewController.m */ = {isa = PBXFileReference; fileEncoding = 4; lastKnownFileType = sourcecode.c.objc; path = ResultsViewController.m; sourceTree = "<group>"; };
		8F3FA53D1982C4EA007A989F /* ResultsViewController.xib */ = {isa = PBXFileReference; fileEncoding = 4; lastKnownFileType = file.xib; path = ResultsViewController.xib; sourceTree = "<group>"; };
		8F422062198C48D100A83236 /* GameTableViewCell.h */ = {isa = PBXFileReference; fileEncoding = 4; lastKnownFileType = sourcecode.c.h; name = GameTableViewCell.h; path = ../GameTableViewCell.h; sourceTree = "<group>"; };
		8F422063198C48D100A83236 /* GameTableViewCell.m */ = {isa = PBXFileReference; fileEncoding = 4; lastKnownFileType = sourcecode.c.objc; name = GameTableViewCell.m; path = ../GameTableViewCell.m; sourceTree = "<group>"; };
		8F422065198C555600A83236 /* MainViewController.h */ = {isa = PBXFileReference; fileEncoding = 4; lastKnownFileType = sourcecode.c.h; path = MainViewController.h; sourceTree = "<group>"; };
		8F422066198C555600A83236 /* MainViewController.m */ = {isa = PBXFileReference; fileEncoding = 4; lastKnownFileType = sourcecode.c.objc; path = MainViewController.m; sourceTree = "<group>"; };
		8F74022C1977070B00E4B25C /* ChooseViewController.h */ = {isa = PBXFileReference; fileEncoding = 4; lastKnownFileType = sourcecode.c.h; path = ChooseViewController.h; sourceTree = "<group>"; };
		8F74022D1977070B00E4B25C /* ChooseViewController.m */ = {isa = PBXFileReference; fileEncoding = 4; lastKnownFileType = sourcecode.c.objc; path = ChooseViewController.m; sourceTree = "<group>"; };
		8F74022F19773E1C00E4B25C /* ChooseViewController.xib */ = {isa = PBXFileReference; fileEncoding = 4; lastKnownFileType = file.xib; path = ChooseViewController.xib; sourceTree = "<group>"; };
		8F74023519787F5700E4B25C /* FriendSubjects.h */ = {isa = PBXFileReference; fileEncoding = 4; lastKnownFileType = sourcecode.c.h; path = FriendSubjects.h; sourceTree = "<group>"; };
		8F74023619787F5700E4B25C /* FriendSubjects.m */ = {isa = PBXFileReference; fileEncoding = 4; lastKnownFileType = sourcecode.c.objc; path = FriendSubjects.m; sourceTree = "<group>"; };
		8F7402381978982000E4B25C /* default_avatar.png */ = {isa = PBXFileReference; lastKnownFileType = image.png; path = default_avatar.png; sourceTree = "<group>"; };
		8F74023F1979C92C00E4B25C /* GameRound.h */ = {isa = PBXFileReference; fileEncoding = 4; lastKnownFileType = sourcecode.c.h; path = GameRound.h; sourceTree = "<group>"; };
		8F7402401979C92C00E4B25C /* GameRound.m */ = {isa = PBXFileReference; fileEncoding = 4; lastKnownFileType = sourcecode.c.objc; path = GameRound.m; sourceTree = "<group>"; };
		8F7402421979CD4400E4B25C /* RoundStore.h */ = {isa = PBXFileReference; fileEncoding = 4; lastKnownFileType = sourcecode.c.h; path = RoundStore.h; sourceTree = "<group>"; };
		8F7402431979CD4400E4B25C /* RoundStore.m */ = {isa = PBXFileReference; fileEncoding = 4; lastKnownFileType = sourcecode.c.objc; path = RoundStore.m; sourceTree = "<group>"; };
		8F740247197EFF7B00E4B25C /* GuessViewController.h */ = {isa = PBXFileReference; fileEncoding = 4; lastKnownFileType = sourcecode.c.h; name = GuessViewController.h; path = ../GuessViewController.h; sourceTree = "<group>"; };
		8F740248197EFF7B00E4B25C /* GuessViewController.m */ = {isa = PBXFileReference; fileEncoding = 4; lastKnownFileType = sourcecode.c.objc; name = GuessViewController.m; path = ../GuessViewController.m; sourceTree = "<group>"; };
		8F740249197EFF7B00E4B25C /* GuessViewController.xib */ = {isa = PBXFileReference; fileEncoding = 4; lastKnownFileType = file.xib; name = GuessViewController.xib; path = ../GuessViewController.xib; sourceTree = "<group>"; };
		8F7C1CA91975ADDB00774BF0 /* Parse.framework */ = {isa = PBXFileReference; lastKnownFileType = wrapper.framework; name = Parse.framework; path = ../../../VendorLib/Parse/Parse.framework; sourceTree = "<group>"; };
		8F7C1CAB1975D84000774BF0 /* DrawViewController.h */ = {isa = PBXFileReference; fileEncoding = 4; lastKnownFileType = sourcecode.c.h; path = DrawViewController.h; sourceTree = "<group>"; };
		8F7C1CAC1975D84000774BF0 /* DrawViewController.m */ = {isa = PBXFileReference; fileEncoding = 4; lastKnownFileType = sourcecode.c.objc; path = DrawViewController.m; sourceTree = "<group>"; };
		8F7C1CB41976016900774BF0 /* DMFNavigationControllerViewController.h */ = {isa = PBXFileReference; fileEncoding = 4; lastKnownFileType = sourcecode.c.h; path = DMFNavigationControllerViewController.h; sourceTree = "<group>"; };
		8F7C1CB51976016900774BF0 /* DMFNavigationControllerViewController.m */ = {isa = PBXFileReference; fileEncoding = 4; lastKnownFileType = sourcecode.c.objc; path = DMFNavigationControllerViewController.m; sourceTree = "<group>"; };
		8F9359C4199539D4007D8DA5 /* HTAutocompleteTextField.m */ = {isa = PBXFileReference; fileEncoding = 4; lastKnownFileType = sourcecode.c.objc; path = HTAutocompleteTextField.m; sourceTree = "<group>"; };
		8F9359C5199539D4007D8DA5 /* HTAutocompleteTextField.h */ = {isa = PBXFileReference; fileEncoding = 4; lastKnownFileType = sourcecode.c.h; path = HTAutocompleteTextField.h; sourceTree = "<group>"; };
		8F9359C819953DA9007D8DA5 /* HTAutocompleteManager.h */ = {isa = PBXFileReference; fileEncoding = 4; lastKnownFileType = sourcecode.c.h; path = HTAutocompleteManager.h; sourceTree = "<group>"; };
		8F9359C919953DA9007D8DA5 /* HTAutocompleteManager.m */ = {isa = PBXFileReference; fileEncoding = 4; lastKnownFileType = sourcecode.c.objc; path = HTAutocompleteManager.m; sourceTree = "<group>"; };
		8F9359CB19953FFE007D8DA5 /* autocompleteButton.png */ = {isa = PBXFileReference; lastKnownFileType = image.png; path = autocompleteButton.png; sourceTree = "<group>"; };
		C4250169161BBAE400474BCD /* StoreKit.framework */ = {isa = PBXFileReference; lastKnownFileType = wrapper.framework; name = StoreKit.framework; path = System/Library/Frameworks/StoreKit.framework; sourceTree = SDKROOT; };
		C425016F161BBAEE00474BCD /* libz.dylib */ = {isa = PBXFileReference; lastKnownFileType = "compiled.mach-o.dylib"; name = libz.dylib; path = usr/lib/libz.dylib; sourceTree = SDKROOT; };
		C4BB20D4161BC4FB00A7884A /* Default-568h@2x.png */ = {isa = PBXFileReference; lastKnownFileType = image.png; path = "Default-568h@2x.png"; sourceTree = "<group>"; };
		C4BB20D5161BC4FB00A7884A /* Default.png */ = {isa = PBXFileReference; lastKnownFileType = image.png; path = Default.png; sourceTree = "<group>"; };
		C4BB20D6161BC4FB00A7884A /* Default@2x.png */ = {isa = PBXFileReference; lastKnownFileType = image.png; path = "Default@2x.png"; sourceTree = "<group>"; };
		C4CF27E2161E3BAA008AB8CC /* login-button-small-pressed.png */ = {isa = PBXFileReference; lastKnownFileType = image.png; path = "login-button-small-pressed.png"; sourceTree = "<group>"; };
		C4CF27E3161E3BAA008AB8CC /* login-button-small-pressed@2x.png */ = {isa = PBXFileReference; lastKnownFileType = image.png; path = "login-button-small-pressed@2x.png"; sourceTree = "<group>"; };
		C4CF27E4161E3BAA008AB8CC /* login-button-small.png */ = {isa = PBXFileReference; lastKnownFileType = image.png; path = "login-button-small.png"; sourceTree = "<group>"; };
		C4CF27E5161E3BAA008AB8CC /* login-button-small@2x.png */ = {isa = PBXFileReference; lastKnownFileType = image.png; path = "login-button-small@2x.png"; sourceTree = "<group>"; };
		C4DDA8AB16EE8A1900B5C174 /* Icon@2x.png */ = {isa = PBXFileReference; lastKnownFileType = image.png; path = "Icon@2x.png"; sourceTree = "<group>"; };
		C4DDA8AC16EE8A1900B5C174 /* Icon.png */ = {isa = PBXFileReference; lastKnownFileType = image.png; path = Icon.png; sourceTree = "<group>"; };
		D4DA79EA14D3345A0055F672 /* DrawMyFriends.app */ = {isa = PBXFileReference; explicitFileType = wrapper.application; includeInIndex = 0; path = DrawMyFriends.app; sourceTree = BUILT_PRODUCTS_DIR; };
		D4DA79EE14D3345A0055F672 /* UIKit.framework */ = {isa = PBXFileReference; lastKnownFileType = wrapper.framework; name = UIKit.framework; path = System/Library/Frameworks/UIKit.framework; sourceTree = SDKROOT; };
		D4DA79F014D3345A0055F672 /* Foundation.framework */ = {isa = PBXFileReference; lastKnownFileType = wrapper.framework; name = Foundation.framework; path = System/Library/Frameworks/Foundation.framework; sourceTree = SDKROOT; };
		D4DA79F214D3345A0055F672 /* CoreGraphics.framework */ = {isa = PBXFileReference; lastKnownFileType = wrapper.framework; name = CoreGraphics.framework; path = System/Library/Frameworks/CoreGraphics.framework; sourceTree = SDKROOT; };
		D4DA79F614D3345A0055F672 /* DrawMyFriends-Info.plist */ = {isa = PBXFileReference; lastKnownFileType = text.plist.xml; path = "DrawMyFriends-Info.plist"; sourceTree = "<group>"; };
		D4DA79F814D3345A0055F672 /* en */ = {isa = PBXFileReference; lastKnownFileType = text.plist.strings; name = en; path = en.lproj/InfoPlist.strings; sourceTree = "<group>"; };
		D4DA79FA14D3345A0055F672 /* main.m */ = {isa = PBXFileReference; lastKnownFileType = sourcecode.c.objc; path = main.m; sourceTree = "<group>"; };
		D4DA79FC14D3345A0055F672 /* DrawMyFriends-Prefix.pch */ = {isa = PBXFileReference; lastKnownFileType = sourcecode.c.h; path = "DrawMyFriends-Prefix.pch"; sourceTree = "<group>"; };
		D4DA79FD14D3345A0055F672 /* AppDelegate.h */ = {isa = PBXFileReference; lastKnownFileType = sourcecode.c.h; path = AppDelegate.h; sourceTree = "<group>"; };
		D4DA79FE14D3345A0055F672 /* AppDelegate.m */ = {isa = PBXFileReference; lastKnownFileType = sourcecode.c.objc; path = AppDelegate.m; sourceTree = "<group>"; };
		D4DA7A0714D334F30055F672 /* AudioToolbox.framework */ = {isa = PBXFileReference; lastKnownFileType = wrapper.framework; name = AudioToolbox.framework; path = System/Library/Frameworks/AudioToolbox.framework; sourceTree = SDKROOT; };
		D4DA7A0814D334F30055F672 /* CFNetwork.framework */ = {isa = PBXFileReference; lastKnownFileType = wrapper.framework; name = CFNetwork.framework; path = System/Library/Frameworks/CFNetwork.framework; sourceTree = SDKROOT; };
		D4DA7A0A14D334F30055F672 /* MobileCoreServices.framework */ = {isa = PBXFileReference; lastKnownFileType = wrapper.framework; name = MobileCoreServices.framework; path = System/Library/Frameworks/MobileCoreServices.framework; sourceTree = SDKROOT; };
		D4DA7A0B14D334F30055F672 /* QuartzCore.framework */ = {isa = PBXFileReference; lastKnownFileType = wrapper.framework; name = QuartzCore.framework; path = System/Library/Frameworks/QuartzCore.framework; sourceTree = SDKROOT; };
		D4DA7A0C14D334F30055F672 /* Security.framework */ = {isa = PBXFileReference; lastKnownFileType = wrapper.framework; name = Security.framework; path = System/Library/Frameworks/Security.framework; sourceTree = SDKROOT; };
		D4DA7A0D14D334F30055F672 /* SystemConfiguration.framework */ = {isa = PBXFileReference; lastKnownFileType = wrapper.framework; name = SystemConfiguration.framework; path = System/Library/Frameworks/SystemConfiguration.framework; sourceTree = SDKROOT; };
		D4DA7A7114D393DA0055F672 /* LoginViewController.h */ = {isa = PBXFileReference; fileEncoding = 4; lastKnownFileType = sourcecode.c.h; path = LoginViewController.h; sourceTree = "<group>"; };
		D4DA7A7214D393DA0055F672 /* LoginViewController.m */ = {isa = PBXFileReference; fileEncoding = 4; lastKnownFileType = sourcecode.c.objc; path = LoginViewController.m; sourceTree = "<group>"; };
		D4DA7A7314D393DA0055F672 /* LoginViewController.xib */ = {isa = PBXFileReference; fileEncoding = 4; lastKnownFileType = file.xib; path = LoginViewController.xib; sourceTree = "<group>"; };
		D4DA7AAE14D4674F0055F672 /* TableHeaderView.xib */ = {isa = PBXFileReference; fileEncoding = 4; lastKnownFileType = file.xib; path = TableHeaderView.xib; sourceTree = "<group>"; };
/* End PBXFileReference section */

/* Begin PBXFrameworksBuildPhase section */
		D4DA79E714D3345A0055F672 /* Frameworks */ = {
			isa = PBXFrameworksBuildPhase;
			buildActionMask = 2147483647;
			files = (
				C425016D161BBAE400474BCD /* StoreKit.framework in Frameworks */,
				6D10F48316DD68E000690A0F /* CoreLocation.framework in Frameworks */,
				C4250170161BBAEE00474BCD /* libz.dylib in Frameworks */,
				D4DA7A0E14D334F30055F672 /* AudioToolbox.framework in Frameworks */,
				D4DA7A0F14D334F30055F672 /* CFNetwork.framework in Frameworks */,
				D4DA7A1114D334F30055F672 /* MobileCoreServices.framework in Frameworks */,
				D4DA7A1214D334F30055F672 /* QuartzCore.framework in Frameworks */,
				D4DA7A1314D334F30055F672 /* Security.framework in Frameworks */,
				30C949AC1829561000B17666 /* FacebookSDK.framework in Frameworks */,
				D4DA7A1414D334F30055F672 /* SystemConfiguration.framework in Frameworks */,
				D4DA79EF14D3345A0055F672 /* UIKit.framework in Frameworks */,
				D4DA79F114D3345A0055F672 /* Foundation.framework in Frameworks */,
				D4DA79F314D3345A0055F672 /* CoreGraphics.framework in Frameworks */,
				080A96941992AB32001BC9F7 /* Parse.framework in Frameworks */,
			);
			runOnlyForDeploymentPostprocessing = 0;
		};
/* End PBXFrameworksBuildPhase section */

/* Begin PBXGroup section */
		D4DA79DF14D3345A0055F672 = {
			isa = PBXGroup;
			children = (
				080126041991A3AA0013D3E5 /* Images.xcassets */,
				D4DA79F414D3345A0055F672 /* IntegratingFacebookTutorial */,
				D4DA79ED14D3345A0055F672 /* Frameworks */,
				D4DA79EB14D3345A0055F672 /* Products */,
			);
			sourceTree = "<group>";
		};
		D4DA79EB14D3345A0055F672 /* Products */ = {
			isa = PBXGroup;
			children = (
				D4DA79EA14D3345A0055F672 /* DrawMyFriends.app */,
			);
			name = Products;
			sourceTree = "<group>";
		};
		D4DA79ED14D3345A0055F672 /* Frameworks */ = {
			isa = PBXGroup;
			children = (
				8F7C1CA91975ADDB00774BF0 /* Parse.framework */,
				30C949AB1829561000B17666 /* FacebookSDK.framework */,
				6D10F48216DD68E000690A0F /* CoreLocation.framework */,
				D4DA7A0714D334F30055F672 /* AudioToolbox.framework */,
				D4DA7A0814D334F30055F672 /* CFNetwork.framework */,
				D4DA79F214D3345A0055F672 /* CoreGraphics.framework */,
				D4DA79F014D3345A0055F672 /* Foundation.framework */,
				C425016F161BBAEE00474BCD /* libz.dylib */,
				D4DA7A0A14D334F30055F672 /* MobileCoreServices.framework */,
				D4DA7A0B14D334F30055F672 /* QuartzCore.framework */,
				D4DA7A0C14D334F30055F672 /* Security.framework */,
				C4250169161BBAE400474BCD /* StoreKit.framework */,
				D4DA7A0D14D334F30055F672 /* SystemConfiguration.framework */,
				D4DA79EE14D3345A0055F672 /* UIKit.framework */,
			);
			name = Frameworks;
			sourceTree = "<group>";
		};
		D4DA79F414D3345A0055F672 /* IntegratingFacebookTutorial */ = {
			isa = PBXGroup;
			children = (
				8F9359C819953DA9007D8DA5 /* HTAutocompleteManager.h */,
				8F9359C919953DA9007D8DA5 /* HTAutocompleteManager.m */,
				8F9359C4199539D4007D8DA5 /* HTAutocompleteTextField.m */,
				0887554F199C0182002D4DEA /* final.png */,
				8F9359C5199539D4007D8DA5 /* HTAutocompleteTextField.h */,
				8F244278198F2F560085450C /* MainView.h */,
				8F244279198F2F560085450C /* MainView.m */,
				8F422065198C555600A83236 /* MainViewController.h */,
				8F422066198C555600A83236 /* MainViewController.m */,
				0887553619944842002D4DEA /* DMFtestlogo2.png */,
				8F422062198C48D100A83236 /* GameTableViewCell.h */,
				8F422063198C48D100A83236 /* GameTableViewCell.m */,
				8F3FA53B1982C4EA007A989F /* ResultsViewController.h */,
				8F3FA53C1982C4EA007A989F /* ResultsViewController.m */,
				8F3FA53D1982C4EA007A989F /* ResultsViewController.xib */,
				8F740247197EFF7B00E4B25C /* GuessViewController.h */,
				8F740248197EFF7B00E4B25C /* GuessViewController.m */,
				8F740249197EFF7B00E4B25C /* GuessViewController.xib */,
				8F7402421979CD4400E4B25C /* RoundStore.h */,
				8F7402431979CD4400E4B25C /* RoundStore.m */,
				8F74023F1979C92C00E4B25C /* GameRound.h */,
				8F7402401979C92C00E4B25C /* GameRound.m */,
				8F74023519787F5700E4B25C /* FriendSubjects.h */,
				8F74023619787F5700E4B25C /* FriendSubjects.m */,
				8F74022C1977070B00E4B25C /* ChooseViewController.h */,
				8F74022D1977070B00E4B25C /* ChooseViewController.m */,
				8F74022F19773E1C00E4B25C /* ChooseViewController.xib */,
				D4DA79FD14D3345A0055F672 /* AppDelegate.h */,
				D4DA79FE14D3345A0055F672 /* AppDelegate.m */,
				D4DA7A7114D393DA0055F672 /* LoginViewController.h */,
				D4DA7A7214D393DA0055F672 /* LoginViewController.m */,
				0887553819958136002D4DEA /* InfoViewController.h */,
				0887553919958136002D4DEA /* InfoViewController.m */,
				D4DA7A7314D393DA0055F672 /* LoginViewController.xib */,
				D4DA7AAE14D4674F0055F672 /* TableHeaderView.xib */,
				8F7C1CAB1975D84000774BF0 /* DrawViewController.h */,
				0821239E1975F98B005CC3EF /* DrawViewController.xib */,
				8F7C1CAC1975D84000774BF0 /* DrawViewController.m */,
				0821239F1975F9B3005CC3EF /* DrawView.h */,
				082123A01975F9B3005CC3EF /* DrawView.m */,
				0865B69D197F314F00698AB0 /* UIImage+Resize.h */,
				0865B69E197F314F00698AB0 /* UIImage+Resize.m */,
				08D9AA631987053E0063742D /* sizeicon2.png */,
				0887553F199ABCE3002D4DEA /* sizeicon2@2x.png */,
				08D9AA611987017E0063742D /* erasericon2.png */,
				0887553B199ABA2D002D4DEA /* erasericon2@2x.png */,
				08D9AA5F1987017A0063742D /* coloricon2.png */,
				08875543199ABD9D002D4DEA /* coloricon2@2x.png */,
				0892B0681989737000C8BA0D /* clearicon.png */,
				08875541199ABD94002D4DEA /* clearicon@2x.png */,
				08C254DF198C0D55009368FF /* undoicon4.png */,
				0887554B199AC12B002D4DEA /* undoicon4@2x.png */,
				08C254E3198C103B009368FF /* redoicon4.png */,
				0887554D199AC178002D4DEA /* redoicon4@2x.png */,
				0854A9A41979D05A0067AB0E /* undo.png */,
				0865B6A4198057E000698AB0 /* circle.png */,
				080126021991A0250013D3E5 /* icontake2.png */,
				8F7C1CB41976016900774BF0 /* DMFNavigationControllerViewController.h */,
				8F7C1CB51976016900774BF0 /* DMFNavigationControllerViewController.m */,
				D4DA79F514D3345A0055F672 /* Supporting Files */,
			);
			path = IntegratingFacebookTutorial;
			sourceTree = "<group>";
		};
		D4DA79F514D3345A0055F672 /* Supporting Files */ = {
			isa = PBXGroup;
			children = (
				8F9359CB19953FFE007D8DA5 /* autocompleteButton.png */,
				8F7402381978982000E4B25C /* default_avatar.png */,
				C4DDA8AB16EE8A1900B5C174 /* Icon@2x.png */,
				C4DDA8AC16EE8A1900B5C174 /* Icon.png */,
				C4CF27E2161E3BAA008AB8CC /* login-button-small-pressed.png */,
				C4CF27E3161E3BAA008AB8CC /* login-button-small-pressed@2x.png */,
				C4CF27E4161E3BAA008AB8CC /* login-button-small.png */,
				C4CF27E5161E3BAA008AB8CC /* login-button-small@2x.png */,
				C4BB20D4161BC4FB00A7884A /* Default-568h@2x.png */,
				C4BB20D5161BC4FB00A7884A /* Default.png */,
				C4BB20D6161BC4FB00A7884A /* Default@2x.png */,
				D4DA79F614D3345A0055F672 /* DrawMyFriends-Info.plist */,
				D4DA79F714D3345A0055F672 /* InfoPlist.strings */,
				D4DA79FA14D3345A0055F672 /* main.m */,
				D4DA79FC14D3345A0055F672 /* DrawMyFriends-Prefix.pch */,
			);
			name = "Supporting Files";
			sourceTree = "<group>";
		};
/* End PBXGroup section */

/* Begin PBXNativeTarget section */
		D4DA79E914D3345A0055F672 /* DrawMyFriends */ = {
			isa = PBXNativeTarget;
			buildConfigurationList = D4DA7A0214D3345A0055F672 /* Build configuration list for PBXNativeTarget "DrawMyFriends" */;
			buildPhases = (
				D4DA79E614D3345A0055F672 /* Sources */,
				D4DA79E714D3345A0055F672 /* Frameworks */,
				D4DA79E814D3345A0055F672 /* Resources */,
			);
			buildRules = (
			);
			dependencies = (
			);
			name = DrawMyFriends;
			productName = IntegratingFacebookTutorial;
			productReference = D4DA79EA14D3345A0055F672 /* DrawMyFriends.app */;
			productType = "com.apple.product-type.application";
		};
/* End PBXNativeTarget section */

/* Begin PBXProject section */
		D4DA79E114D3345A0055F672 /* Project object */ = {
			isa = PBXProject;
			attributes = {
				LastUpgradeCheck = 0460;
				TargetAttributes = {
					D4DA79E914D3345A0055F672 = {
						DevelopmentTeam = 458573DQ33;
					};
				};
			};
			buildConfigurationList = D4DA79E414D3345A0055F672 /* Build configuration list for PBXProject "DrawMyFriends" */;
			compatibilityVersion = "Xcode 3.2";
			developmentRegion = English;
			hasScannedForEncodings = 0;
			knownRegions = (
				en,
			);
			mainGroup = D4DA79DF14D3345A0055F672;
			productRefGroup = D4DA79EB14D3345A0055F672 /* Products */;
			projectDirPath = "";
			projectRoot = "";
			targets = (
				D4DA79E914D3345A0055F672 /* DrawMyFriends */,
			);
		};
/* End PBXProject section */

/* Begin PBXResourcesBuildPhase section */
		D4DA79E814D3345A0055F672 /* Resources */ = {
			isa = PBXResourcesBuildPhase;
			buildActionMask = 2147483647;
			files = (
				0887554C199AC12B002D4DEA /* undoicon4@2x.png in Resources */,
				0892B0691989737000C8BA0D /* clearicon.png in Resources */,
				0821239C1975F98B005CC3EF /* DrawViewController.xib in Resources */,
				08C254E4198C103B009368FF /* redoicon4.png in Resources */,
				D4DA79F914D3345A0055F672 /* InfoPlist.strings in Resources */,
				08D9AA621987017E0063742D /* erasericon2.png in Resources */,
				8F7402391978982000E4B25C /* default_avatar.png in Resources */,
				0887553719944842002D4DEA /* DMFtestlogo2.png in Resources */,
				D4DA7A7514D393DA0055F672 /* LoginViewController.xib in Resources */,
				08C254E0198C0D55009368FF /* undoicon4.png in Resources */,
				D4DA7AAF14D467500055F672 /* TableHeaderView.xib in Resources */,
				C4BB20D7161BC4FB00A7884A /* Default-568h@2x.png in Resources */,
				C4BB20D8161BC4FB00A7884A /* Default.png in Resources */,
				8F3FA53F1982C4EA007A989F /* ResultsViewController.xib in Resources */,
				080126051991A3AA0013D3E5 /* Images.xcassets in Resources */,
				08875550199C0182002D4DEA /* final.png in Resources */,
				8F74024B197EFF7B00E4B25C /* GuessViewController.xib in Resources */,
				8F9359CC19953FFE007D8DA5 /* autocompleteButton.png in Resources */,
				C4BB20D9161BC4FB00A7884A /* Default@2x.png in Resources */,
				8F74023019773E1C00E4B25C /* ChooseViewController.xib in Resources */,
				C4CF27E6161E3BAA008AB8CC /* login-button-small-pressed.png in Resources */,
				0887554E199AC178002D4DEA /* redoicon4@2x.png in Resources */,
				C4CF27E7161E3BAA008AB8CC /* login-button-small-pressed@2x.png in Resources */,
				0887553C199ABA2D002D4DEA /* erasericon2@2x.png in Resources */,
				0865B6A5198057E000698AB0 /* circle.png in Resources */,
				C4CF27E8161E3BAA008AB8CC /* login-button-small.png in Resources */,
				C4CF27E9161E3BAA008AB8CC /* login-button-small@2x.png in Resources */,
				C4DDA8AD16EE8A1900B5C174 /* Icon@2x.png in Resources */,
				08D9AA641987053E0063742D /* sizeicon2.png in Resources */,
				080126031991A0250013D3E5 /* icontake2.png in Resources */,
				C4DDA8AE16EE8A1900B5C174 /* Icon.png in Resources */,
				08D9AA601987017A0063742D /* coloricon2.png in Resources */,
				0854A9A51979D05A0067AB0E /* undo.png in Resources */,
			);
			runOnlyForDeploymentPostprocessing = 0;
		};
/* End PBXResourcesBuildPhase section */

/* Begin PBXSourcesBuildPhase section */
		D4DA79E614D3345A0055F672 /* Sources */ = {
			isa = PBXSourcesBuildPhase;
			buildActionMask = 2147483647;
			files = (
				8F4F4391198316B7008DD85C /* DrawViewController.m in Sources */,
				8F7402441979CD4400E4B25C /* RoundStore.m in Sources */,
				D4DA79FB14D3345A0055F672 /* main.m in Sources */,
				8F9359CA19953DA9007D8DA5 /* HTAutocompleteManager.m in Sources */,
				0865B69F197F314F00698AB0 /* UIImage+Resize.m in Sources */,
				8F422064198C48D100A83236 /* GameTableViewCell.m in Sources */,
				8F74024A197EFF7B00E4B25C /* GuessViewController.m in Sources */,
				8F74022E1977070B00E4B25C /* ChooseViewController.m in Sources */,
				8F7402411979C92C00E4B25C /* GameRound.m in Sources */,
				D4DA79FF14D3345A0055F672 /* AppDelegate.m in Sources */,
				8F7C1CB61976016900774BF0 /* DMFNavigationControllerViewController.m in Sources */,
				0887553A19958136002D4DEA /* InfoViewController.m in Sources */,
				082123A11975F9B3005CC3EF /* DrawView.m in Sources */,
				D4DA7A7414D393DA0055F672 /* LoginViewController.m in Sources */,
				8F422067198C555600A83236 /* MainViewController.m in Sources */,
				8F9359C7199539D4007D8DA5 /* HTAutocompleteTextField.m in Sources */,
				8F24427A198F2F560085450C /* MainView.m in Sources */,
				8F74023719787F5700E4B25C /* FriendSubjects.m in Sources */,
				8F3FA53E1982C4EA007A989F /* ResultsViewController.m in Sources */,
			);
			runOnlyForDeploymentPostprocessing = 0;
		};
/* End PBXSourcesBuildPhase section */

/* Begin PBXVariantGroup section */
		0821239E1975F98B005CC3EF /* DrawViewController.xib */ = {
			isa = PBXVariantGroup;
			children = (
				0821239D1975F98B005CC3EF /* en */,
			);
			name = DrawViewController.xib;
			sourceTree = "<group>";
		};
		D4DA79F714D3345A0055F672 /* InfoPlist.strings */ = {
			isa = PBXVariantGroup;
			children = (
				D4DA79F814D3345A0055F672 /* en */,
			);
			name = InfoPlist.strings;
			sourceTree = "<group>";
		};
/* End PBXVariantGroup section */

/* Begin XCBuildConfiguration section */
		D4DA7A0014D3345A0055F672 /* Debug */ = {
			isa = XCBuildConfiguration;
			buildSettings = {
				ALWAYS_SEARCH_USER_PATHS = NO;
				ARCHS = "$(ARCHS_STANDARD_32_BIT)";
				CLANG_ENABLE_OBJC_ARC = YES;
				CLANG_WARN_CONSTANT_CONVERSION = YES;
				CLANG_WARN_ENUM_CONVERSION = YES;
				CLANG_WARN_INT_CONVERSION = YES;
				CLANG_WARN__DUPLICATE_METHOD_MATCH = YES;
				CODE_SIGN_IDENTITY = "iPhone Developer: Maya Reddy (V8ZZPT72LK)";
				"CODE_SIGN_IDENTITY[sdk=iphoneos*]" = "iPhone Developer: Maya Reddy (V8ZZPT72LK)";
				COPY_PHASE_STRIP = NO;
				GCC_C_LANGUAGE_STANDARD = gnu99;
				GCC_DYNAMIC_NO_PIC = NO;
				GCC_OPTIMIZATION_LEVEL = 0;
				GCC_PREPROCESSOR_DEFINITIONS = (
					"DEBUG=1",
					"$(inherited)",
				);
				GCC_SYMBOLS_PRIVATE_EXTERN = NO;
				GCC_VERSION = com.apple.compilers.llvm.clang.1_0;
				GCC_WARN_ABOUT_MISSING_PROTOTYPES = YES;
				GCC_WARN_ABOUT_RETURN_TYPE = YES;
				GCC_WARN_UNINITIALIZED_AUTOS = YES;
				GCC_WARN_UNUSED_VARIABLE = YES;
				IPHONEOS_DEPLOYMENT_TARGET = 7.0;
				PROVISIONING_PROFILE = "9eca022e-528e-4415-b624-7e2b1dd36598";
				SDKROOT = iphoneos;
			};
			name = Debug;
		};
		D4DA7A0114D3345A0055F672 /* Release */ = {
			isa = XCBuildConfiguration;
			buildSettings = {
				ALWAYS_SEARCH_USER_PATHS = NO;
				ARCHS = "$(ARCHS_STANDARD_32_BIT)";
				CLANG_ENABLE_OBJC_ARC = YES;
				CLANG_WARN_CONSTANT_CONVERSION = YES;
				CLANG_WARN_ENUM_CONVERSION = YES;
				CLANG_WARN_INT_CONVERSION = YES;
				CLANG_WARN__DUPLICATE_METHOD_MATCH = YES;
				CODE_SIGN_IDENTITY = "iPhone Developer: Maya Reddy (V8ZZPT72LK)";
				"CODE_SIGN_IDENTITY[sdk=iphoneos*]" = "iPhone Developer: Maya Reddy (V8ZZPT72LK)";
				COPY_PHASE_STRIP = YES;
				GCC_C_LANGUAGE_STANDARD = gnu99;
				GCC_VERSION = com.apple.compilers.llvm.clang.1_0;
				GCC_WARN_ABOUT_MISSING_PROTOTYPES = YES;
				GCC_WARN_ABOUT_RETURN_TYPE = YES;
				GCC_WARN_UNINITIALIZED_AUTOS = YES;
				GCC_WARN_UNUSED_VARIABLE = YES;
				IPHONEOS_DEPLOYMENT_TARGET = 7.0;
				OTHER_CFLAGS = "-DNS_BLOCK_ASSERTIONS=1";
				PROVISIONING_PROFILE = "9eca022e-528e-4415-b624-7e2b1dd36598";
				SDKROOT = iphoneos;
				VALIDATE_PRODUCT = YES;
			};
			name = Release;
		};
		D4DA7A0314D3345A0055F672 /* Debug */ = {
			isa = XCBuildConfiguration;
			buildSettings = {
				ASSETCATALOG_COMPILER_APPICON_NAME = AppIcon;
				ASSETCATALOG_COMPILER_LAUNCHIMAGE_NAME = LaunchImage;
				CODE_SIGN_IDENTITY = "iPhone Developer";
				"CODE_SIGN_IDENTITY[sdk=iphoneos*]" = "iPhone Developer";
				FRAMEWORK_SEARCH_PATHS = (
					"$(inherited)",
					"$(PROJECT_DIR)",
					/Users/mredd/src/fbobjc/VendorLib/Parse,
					/Users/laitchs/src/fbobjc/VendorLib/Parse,
				);
				GCC_PRECOMPILE_PREFIX_HEADER = YES;
				GCC_PREFIX_HEADER = "IntegratingFacebookTutorial/DrawMyFriends-Prefix.pch";
				INFOPLIST_FILE = "IntegratingFacebookTutorial/DrawMyFriends-Info.plist";
				OTHER_LDFLAGS = (
					"-lsqlite3.0",
					"-ObjC",
				);
				PRODUCT_NAME = DrawMyFriends;
				PROVISIONING_PROFILE = "";
				WRAPPER_EXTENSION = app;
			};
			name = Debug;
		};
		D4DA7A0414D3345A0055F672 /* Release */ = {
			isa = XCBuildConfiguration;
			buildSettings = {
				ASSETCATALOG_COMPILER_APPICON_NAME = AppIcon;
				ASSETCATALOG_COMPILER_LAUNCHIMAGE_NAME = LaunchImage;
				CODE_SIGN_IDENTITY = "iPhone Developer";
				"CODE_SIGN_IDENTITY[sdk=iphoneos*]" = "iPhone Developer";
				FRAMEWORK_SEARCH_PATHS = (
					"$(inherited)",
					"$(PROJECT_DIR)",
					/Users/mredd/src/fbobjc/VendorLib/Parse,
					/Users/laitchs/src/fbobjc/VendorLib/Parse,
				);
				GCC_PRECOMPILE_PREFIX_HEADER = YES;
				GCC_PREFIX_HEADER = "IntegratingFacebookTutorial/DrawMyFriends-Prefix.pch";
				INFOPLIST_FILE = "IntegratingFacebookTutorial/DrawMyFriends-Info.plist";
				OTHER_LDFLAGS = (
					"-lsqlite3.0",
					"-ObjC",
				);
				PRODUCT_NAME = DrawMyFriends;
				PROVISIONING_PROFILE = "";
				WRAPPER_EXTENSION = app;
			};
			name = Release;
		};
/* End XCBuildConfiguration section */

/* Begin XCConfigurationList section */
		D4DA79E414D3345A0055F672 /* Build configuration list for PBXProject "DrawMyFriends" */ = {
			isa = XCConfigurationList;
			buildConfigurations = (
				D4DA7A0014D3345A0055F672 /* Debug */,
				D4DA7A0114D3345A0055F672 /* Release */,
			);
			defaultConfigurationIsVisible = 0;
			defaultConfigurationName = Release;
		};
		D4DA7A0214D3345A0055F672 /* Build configuration list for PBXNativeTarget "DrawMyFriends" */ = {
			isa = XCConfigurationList;
			buildConfigurations = (
				D4DA7A0314D3345A0055F672 /* Debug */,
				D4DA7A0414D3345A0055F672 /* Release */,
			);
			defaultConfigurationIsVisible = 0;
			defaultConfigurationName = Release;
		};
/* End XCConfigurationList section */
	};
	rootObject = D4DA79E114D3345A0055F672 /* Project object */;
}
